# This file is autogenerated, do not edit; changes may be undone by the next 'dep ensure'.


[[projects]]
  branch = "master"
  name = "github.com/RaveNoX/go-jsoncommentstrip"
  packages = ["."]
  revision = "3b600e52343cab9e2e1439509d69683f57787d27"

[[projects]]
  name = "github.com/bmatcuk/doublestar"
  packages = ["."]
  revision = "b3608229437ba4dc33dae64d56a79a2a73f1f6b2"
  version = "v1.0.9"

[[projects]]
  branch = "master"
  name = "github.com/juju/gnuflag"
  packages = ["."]
  revision = "2ce1bb71843d6d179b3f1c1c9cb4a72cd067fc65"

[[projects]]
  branch = "master"
  name = "github.com/spkg/bom"
  packages = ["."]
  revision = "59b7046e48ad6bac800c5e1dd5142282cbfcf154"

[solve-meta]
  analyzer-name = "dep"
  analyzer-version = 1
  inputs-digest = "027055a5220c78f474d1c7cd630b13d94c2a38e1790c933dceeaedb212e30d8e"
  solver-name = "gps-cdcl"
  solver-version = 1
